{
	"name": "@xylem-js/jsx",
	"version": "0.2.6",
	"lockfileVersion": 3,
	"requires": true,
	"packages": {
		"": {
			"name": "@xylem-js/jsx",
			"version": "0.2.6",
			"hasInstallScript": true,
			"license": "MIT",
			"devDependencies": {
				"@xylem-js/xylem-js": "0.7.3",
				"typescript": "5.8.3"
			}
		},
		"node_modules/@xylem-js/xylem-js": {
			"version": "0.7.3",
			"resolved": "https://registry.npmjs.org/@xylem-js/xylem-js/-/xylem-js-0.7.3.tgz",
			"integrity": "sha512-82yosUM3HE4m/wuS+wyYpr2PEzxtOrF0SXkPT9HpQYwykJcZA+iSV/ebtTWxQEYIutbKYgXZ7L9kTdUH7JGhcQ==",
			"dev": true,
			"license": "MIT"
		},
		"node_modules/typescript": {
			"version": "5.8.3",
			"resolved": "https://registry.npmjs.org/typescript/-/typescript-5.8.3.tgz",
			"integrity": "sha512-p1diW6TqL9L07nNxvRMM7hMMw4c5XOo/1ibL4aAIGmSAt9slTE1Xgw5KWuof2uTOvCg9BY7ZRi+GaF+7sfgPeQ==",
			"dev": true,
			"license": "Apache-2.0",
			"bin": {
				"tsc": "bin/tsc",
				"tsserver": "bin/tsserver"
			},
			"engines": {
				"node": ">=14.17"
			}
		}
	}
}
